{
  "name": "genprojs-sample",
  "version": "0.0.1",
  "lockfileVersion": 1,
  "dependencies": {
    "csv-parse": {
      "version": "1.2.1",
      "resolved": "https://registry.npmjs.org/csv-parse/-/csv-parse-1.2.1.tgz",
      "integrity": "sha1-kZnCPySQ2YxNmrKgFnsGknSYyd8="
    },
    "genprojs": {
      "version": "0.0.11",
      "resolved": "https://registry.npmjs.org/genprojs/-/genprojs-0.0.11.tgz",
      "integrity": "sha512-47dpc6NLEarNlWVZC+4MXHNLgEFLnEwRUYtbz47TW/k1yoqbPjksu6pXDmi8CynNbH4h5y+fTBcURaFmlwUinw=="
    },
    "shuffle-array": {
      "version": "1.0.1",
      "resolved": "https://registry.npmjs.org/shuffle-array/-/shuffle-array-1.0.1.tgz",
      "integrity": "sha1-xP88/nTRb5NzBZIwGyXmV3sSiYs="
    }
  }
}
